# THIS IS AN AUTOGENERATED FILE. DO NOT EDIT THIS FILE DIRECTLY.
# yarn lockfile v1


coc-json@^1.2.2:
  version "1.2.2"
  resolved "https://registry.yarnpkg.com/coc-json/-/coc-json-1.2.2.tgz#f499f583a4831e1a362d8c37e547245605ccd32e"
  integrity sha512-H3Xk1D4Y40VMkwM4UDjedFMelRZWGzEBuU4r2iYE07gepYPVGzqzTlqCSWqOLeH4CXY52gF/QkWrOn7AY6CFaw==

coc-python@^1.2.1:
  version "1.2.1"
  resolved "https://registry.yarnpkg.com/coc-python/-/coc-python-1.2.1.tgz#a88cf3805a984eb5c8903120f5190904f4ef2de7"
  integrity sha512-WQk1HzUSJnY0mPOie4L+4l1XQAIa0ooaiKAocKW22fkZ3qkxMxsSDUyj9C19iRlB05i0NmVobT/K2oFIZm2big==

coc-snippets@^2.1.4:
  version "2.1.4"
  resolved "https://registry.yarnpkg.com/coc-snippets/-/coc-snippets-2.1.4.tgz#597831c536efa2fe8b211e9b77977194a922d2e2"
  integrity sha512-830ck/Tt8V5TYbDPKlsueHHu0KFV7e56FhukimtwToida6TpOWwN4yvXsC/ySsoGnmvH7yTWNPgVJvorJUVkWQ==
